<Solution>
  <Project Path="ArraysPracticeTaskSheet/ArraysPracticeTaskSheet.csproj" Id="1ce61ac8-1b32-4756-b4ea-d1faffa68857" />
  <Project Path="BuiltInFunctions/HotelManagementSystem.csproj" Id="e5f1a1d4-88d0-4f6e-9b0e-1a4ecfe8a17f" />
  <Project Path="FirstConsoleApp/FirstConsoleApp.csproj" />
  <Project Path="LibraryManagementSystem/LibraryManagementSystem.csproj" Id="590afd59-00b6-43db-a360-98a522953d3d" />
  <Project Path="ListPracticeTaskSheet/ListPracticeTaskSheet.csproj" Id="805e2697-b9b4-4152-b9e7-a117a8881478" />
  <Project Path="ListPracticeTaskSheet1/ListPracticeTaskSheet1.csproj" Id="1a534cbd-1126-4adc-b3a8-b31a75d8d3a9" />
  <Project Path="OOP/OOP.csproj" Id="a0c71416-4c1d-4726-9e79-9f4be9bae8eb" />
  <Project Path="Stack&amp;QueuePracticeTaskSheet/Stack&amp;QueuePracticeTaskSheet.csproj" Id="5a53b4fb-54dd-439b-9ac0-7a4a53b91452" />
</Solution>
